// !$*UTF8*$!
{
	archiveVersion = 1;
	classes = {
	};
	objectVersion = 46;
	objects = {

/* Begin PBXBuildFile section */
		3012CE241BD7E32900B415B2 /* main.cpp in Sources */ = {isa = PBXBuildFile; fileRef = 3012CE231BD7E32900B415B2 /* main.cpp */; };
		3012CE2C1BD7E9F500B415B2 /* Point.cpp in Sources */ = {isa = PBXBuildFile; fileRef = 3012CE2A1BD7E9F500B415B2 /* Point.cpp */; settings = {ASSET_TAGS = (); }; };
/* End PBXBuildFile section */

/* Begin PBXCopyFilesBuildPhase section */
		3012CE1E1BD7E32900B415B2 /* CopyFiles */ = {
			isa = PBXCopyFilesBuildPhase;
			buildActionMask = 2147483647;
			dstPath = /usr/share/man/man1/;
			dstSubfolderSpec = 0;
			files = (
			);
			runOnlyForDeploymentPostprocessing = 1;
		};
/* End PBXCopyFilesBuildPhase section */

/* Begin PBXFileReference section */
		3012CE201BD7E32900B415B2 /* User Interface */ = {isa = PBXFileReference; explicitFileType = "compiled.mach-o.executable"; includeInIndex = 0; path = "User Interface"; sourceTree = BUILT_PRODUCTS_DIR; };
		3012CE231BD7E32900B415B2 /* main.cpp */ = {isa = PBXFileReference; lastKnownFileType = sourcecode.cpp.cpp; path = main.cpp; sourceTree = "<group>"; };
		3012CE2A1BD7E9F500B415B2 /* Point.cpp */ = {isa = PBXFileReference; fileEncoding = 4; lastKnownFileType = sourcecode.cpp.cpp; path = Point.cpp; sourceTree = "<group>"; };
		3012CE2B1BD7E9F500B415B2 /* Point.hpp */ = {isa = PBXFileReference; fileEncoding = 4; lastKnownFileType = sourcecode.cpp.h; path = Point.hpp; sourceTree = "<group>"; };
/* End PBXFileReference section */

/* Begin PBXFrameworksBuildPhase section */
		3012CE1D1BD7E32900B415B2 /* Frameworks */ = {
			isa = PBXFrameworksBuildPhase;
			buildActionMask = 2147483647;
			files = (
			);
			runOnlyForDeploymentPostprocessing = 0;
		};
/* End PBXFrameworksBuildPhase section */

/* Begin PBXGroup section */
		3012CE171BD7E32900B415B2 = {
			isa = PBXGroup;
			children = (
				3012CE221BD7E32900B415B2 /* User Interface */,
				3012CE211BD7E32900B415B2 /* Products */,
			);
			sourceTree = "<group>";
		};
		3012CE211BD7E32900B415B2 /* Products */ = {
			isa = PBXGroup;
			children = (
				3012CE201BD7E32900B415B2 /* User Interface */,
			);
			name = Products;
			sourceTree = "<group>";
		};
		3012CE221BD7E32900B415B2 /* User Interface */ = {
			isa = PBXGroup;
			children = (
				3012CE231BD7E32900B415B2 /* main.cpp */,
				3012CE2A1BD7E9F500B415B2 /* Point.cpp */,
				3012CE2B1BD7E9F500B415B2 /* Point.hpp */,
			);
			path = "User Interface";
			sourceTree = "<group>";
		};
/* End PBXGroup section */

/* Begin PBXNativeTarget section */
		3012CE1F1BD7E32900B415B2 /* User Interface */ = {
			isa = PBXNativeTarget;
			buildConfigurationList = 3012CE271BD7E32900B415B2 /* Build configuration list for PBXNativeTarget "User Interface" */;
			buildPhases = (
				3012CE1C1BD7E32900B415B2 /* Sources */,
				3012CE1D1BD7E32900B415B2 /* Frameworks */,
				3012CE1E1BD7E32900B415B2 /* CopyFiles */,
			);
			buildRules = (
			);
			dependencies = (
			);
			name = "User Interface";
			productName = "User Interface";
			productReference = 3012CE201BD7E32900B415B2 /* User Interface */;
			productType = "com.apple.product-type.tool";
		};
/* End PBXNativeTarget section */

/* Begin PBXProject section */
		3012CE181BD7E32900B415B2 /* Project object */ = {
			isa = PBXProject;
			attributes = {
				LastUpgradeCheck = 0700;
				ORGANIZATIONNAME = QuARC;
				TargetAttributes = {
					3012CE1F1BD7E32900B415B2 = {
						CreatedOnToolsVersion = 7.0.1;
					};
				};
			};
			buildConfigurationList = 3012CE1B1BD7E32900B415B2 /* Build configuration list for PBXProject "User Interface" */;
			compatibilityVersion = "Xcode 3.2";
			developmentRegion = English;
			hasScannedForEncodings = 0;
			knownRegions = (
				en,
			);
			mainGroup = 3012CE171BD7E32900B415B2;
			productRefGroup = 3012CE211BD7E32900B415B2 /* Products */;
			projectDirPath = "";
			projectRoot = "";
			targets = (
				3012CE1F1BD7E32900B415B2 /* User Interface */,
			);
		};
/* End PBXProject section */

/* Begin PBXSourcesBuildPhase section */
		3012CE1C1BD7E32900B415B2 /* Sources */ = {
			isa = PBXSourcesBuildPhase;
			buildActionMask = 2147483647;
			files = (
				3012CE2C1BD7E9F500B415B2 /* Point.cpp in Sources */,
				3012CE241BD7E32900B415B2 /* main.cpp in Sources */,
			);
			runOnlyForDeploymentPostprocessing = 0;
		};
/* End PBXSourcesBuildPhase section */

/* Begin XCBuildConfiguration section */
		3012CE251BD7E32900B415B2 /* Debug */ = {
			isa = XCBuildConfiguration;
			buildSettings = {
				ALWAYS_SEARCH_USER_PATHS = NO;
				CLANG_CXX_LANGUAGE_STANDARD = "gnu++0x";
				CLANG_CXX_LIBRARY = "libc++";
				CLANG_ENABLE_MODULES = YES;
				CLANG_ENABLE_OBJC_ARC = YES;
				CLANG_WARN_BOOL_CONVERSION = YES;
				CLANG_WARN_CONSTANT_CONVERSION = YES;
				CLANG_WARN_DIRECT_OBJC_ISA_USAGE = YES_ERROR;
				CLANG_WARN_EMPTY_BODY = YES;
				CLANG_WARN_ENUM_CONVERSION = YES;
				CLANG_WARN_INT_CONVERSION = YES;
				CLANG_WARN_OBJC_ROOT_CLASS = YES_ERROR;
				CLANG_WARN_UNREACHABLE_CODE = YES;
				CLANG_WARN__DUPLICATE_METHOD_MATCH = YES;
				COPY_PHASE_STRIP = NO;
				DEBUG_INFORMATION_FORMAT = dwarf;
				ENABLE_STRICT_OBJC_MSGSEND = YES;
				ENABLE_TESTABILITY = YES;
				GCC_C_LANGUAGE_STANDARD = gnu99;
				GCC_DYNAMIC_NO_PIC = NO;
				GCC_NO_COMMON_BLOCKS = YES;
				GCC_OPTIMIZATION_LEVEL = 0;
				GCC_PREPROCESSOR_DEFINITIONS = (
					"DEBUG=1",
					"$(inherited)",
				);
				GCC_WARN_64_TO_32_BIT_CONVERSION = YES;
				GCC_WARN_ABOUT_RETURN_TYPE = YES_ERROR;
				GCC_WARN_UNDECLARED_SELECTOR = YES;
				GCC_WARN_UNINITIALIZED_AUTOS = YES_AGGRESSIVE;
				GCC_WARN_UNUSED_FUNCTION = YES;
				GCC_WARN_UNUSED_VARIABLE = YES;
				MACOSX_DEPLOYMENT_TARGET = 10.11;
				MTL_ENABLE_DEBUG_INFO = YES;
				ONLY_ACTIVE_ARCH = YES;
				SDKROOT = macosx;
			};
			name = Debug;
		};
		3012CE261BD7E32900B415B2 /* Release */ = {
			isa = XCBuildConfiguration;
			buildSettings = {
				ALWAYS_SEARCH_USER_PATHS = NO;
				CLANG_CXX_LANGUAGE_STANDARD = "gnu++0x";
				CLANG_CXX_LIBRARY = "libc++";
				CLANG_ENABLE_MODULES = YES;
				CLANG_ENABLE_OBJC_ARC = YES;
				CLANG_WARN_BOOL_CONVERSION = YES;
				CLANG_WARN_CONSTANT_CONVERSION = YES;
				CLANG_WARN_DIRECT_OBJC_ISA_USAGE = YES_ERROR;
				CLANG_WARN_EMPTY_BODY = YES;
				CLANG_WARN_ENUM_CONVERSION = YES;
				CLANG_WARN_INT_CONVERSION = YES;
				CLANG_WARN_OBJC_ROOT_CLASS = YES_ERROR;
				CLANG_WARN_UNREACHABLE_CODE = YES;
				CLANG_WARN__DUPLICATE_METHOD_MATCH = YES;
				COPY_PHASE_STRIP = NO;
				DEBUG_INFORMATION_FORMAT = "dwarf-with-dsym";
				ENABLE_NS_ASSERTIONS = NO;
				ENABLE_STRICT_OBJC_MSGSEND = YES;
				GCC_C_LANGUAGE_STANDARD = gnu99;
				GCC_NO_COMMON_BLOCKS = YES;
				GCC_WARN_64_TO_32_BIT_CONVERSION = YES;
				GCC_WARN_ABOUT_RETURN_TYPE = YES_ERROR;
				GCC_WARN_UNDECLARED_SELECTOR = YES;
				GCC_WARN_UNINITIALIZED_AUTOS = YES_AGGRESSIVE;
				GCC_WARN_UNUSED_FUNCTION = YES;
				GCC_WARN_UNUSED_VARIABLE = YES;
				MACOSX_DEPLOYMENT_TARGET = 10.11;
				MTL_ENABLE_DEBUG_INFO = NO;
				SDKROOT = macosx;
			};
			name = Release;
		};
		3012CE281BD7E32900B415B2 /* Debug */ = {
			isa = XCBuildConfiguration;
			buildSettings = {
				PRODUCT_NAME = "$(TARGET_NAME)";
			};
			name = Debug;
		};
		3012CE291BD7E32900B415B2 /* Release */ = {
			isa = XCBuildConfiguration;
			buildSettings = {
				PRODUCT_NAME = "$(TARGET_NAME)";
			};
			name = Release;
		};
/* End XCBuildConfiguration section */

/* Begin XCConfigurationList section */
		3012CE1B1BD7E32900B415B2 /* Build configuration list for PBXProject "User Interface" */ = {
			isa = XCConfigurationList;
			buildConfigurations = (
				3012CE251BD7E32900B415B2 /* Debug */,
				3012CE261BD7E32900B415B2 /* Release */,
			);
			defaultConfigurationIsVisible = 0;
			defaultConfigurationName = Release;
		};
		3012CE271BD7E32900B415B2 /* Build configuration list for PBXNativeTarget "User Interface" */ = {
			isa = XCConfigurationList;
			buildConfigurations = (
				3012CE281BD7E32900B415B2 /* Debug */,
				3012CE291BD7E32900B415B2 /* Release */,
			);
			defaultConfigurationIsVisible = 0;
			defaultConfigurationName = Release;
		};
/* End XCConfigurationList section */
	};
	rootObject = 3012CE181BD7E32900B415B2 /* Project object */;
}
